
Microsoft Visual Studio Solution File, Format Version 12.00
# Visual Studio Version 17
VisualStudioVersion = 17.5.002.0
MinimumVisualStudioVersion = 10.0.40219.1
Project("{9A19103F-16F7-4668-BE54-9A1E7A4F7556}") = "Binairy_puzzle_solver", "Binairy_puzzle_solver.csproj", "{86FC7A4E-C8DC-405F-9771-9F7ED88E4B3B}"
EndProject
Global
	GlobalSection(SolutionConfigurationPlatforms) = preSolution
		Debug|Any CPU = Debug|Any CPU
		Release|Any CPU = Release|Any CPU
	EndGlobalSection
	GlobalSection(ProjectConfigurationPlatforms) = postSolution
		{86FC7A4E-C8DC-405F-9771-9F7ED88E4B3B}.Debug|Any CPU.ActiveCfg = Debug|Any CPU
		{86FC7A4E-C8DC-405F-9771-9F7ED88E4B3B}.Debug|Any CPU.Build.0 = Debug|Any CPU
		{86FC7A4E-C8DC-405F-9771-9F7ED88E4B3B}.Release|Any CPU.ActiveCfg = Release|Any CPU
		{86FC7A4E-C8DC-405F-9771-9F7ED88E4B3B}.Release|Any CPU.Build.0 = Release|Any CPU
	EndGlobalSection
	GlobalSection(SolutionProperties) = preSolution
		HideSolutionNode = FALSE
	EndGlobalSection
	GlobalSection(ExtensibilityGlobals) = postSolution
		SolutionGuid = {009C9581-AB2C-44AC-9A4F-EA31E19373CE}
	EndGlobalSection
EndGlobal
